
Microsoft Visual Studio Solution File, Format Version 12.00
# Visual Studio Version 17
VisualStudioVersion = 17.5.33530.505
MinimumVisualStudioVersion = 10.0.40219.1
Project("{FAE04EC0-301F-11D3-BF4B-00C04F79EFBC}") = "EmployeeTimesheetManagement", "EmployeeTimesheetManagement\EmployeeTimesheetManagement.csproj", "{C1A60D8D-7D7E-4C82-94F3-DDD4B4188AEE}"
EndProject
Global
	GlobalSection(SolutionConfigurationPlatforms) = preSolution
		Debug|Any CPU = Debug|Any CPU
		Release|Any CPU = Release|Any CPU
	EndGlobalSection
	GlobalSection(ProjectConfigurationPlatforms) = postSolution
		{C1A60D8D-7D7E-4C82-94F3-DDD4B4188AEE}.Debug|Any CPU.ActiveCfg = Debug|Any CPU
		{C1A60D8D-7D7E-4C82-94F3-DDD4B4188AEE}.Debug|Any CPU.Build.0 = Debug|Any CPU
		{C1A60D8D-7D7E-4C82-94F3-DDD4B4188AEE}.Release|Any CPU.ActiveCfg = Release|Any CPU
		{C1A60D8D-7D7E-4C82-94F3-DDD4B4188AEE}.Release|Any CPU.Build.0 = Release|Any CPU
	EndGlobalSection
	GlobalSection(SolutionProperties) = preSolution
		HideSolutionNode = FALSE
	EndGlobalSection
	GlobalSection(ExtensibilityGlobals) = postSolution
		SolutionGuid = {00F2892F-2F47-4183-A267-F85FF8F5811F}
	EndGlobalSection
EndGlobal
